
Microsoft Visual Studio Solution File, Format Version 12.00
# Visual Studio Version 17
VisualStudioVersion = 17.7.34202.233
MinimumVisualStudioVersion = 10.0.40219.1
Project("{8BC9CEB8-8B4A-11D0-8D11-00A0C91BC942}") = "Задача 2. Макрос SUB ДЗ", "Задача 2. Макрос SUB ДЗ\Задача 2. Макрос SUB ДЗ.vcxproj", "{EEC3692B-710B-4EB4-A456-91AA0EC3FF58}"
EndProject
Global
	GlobalSection(SolutionConfigurationPlatforms) = preSolution
		Debug|x64 = Debug|x64
		Debug|x86 = Debug|x86
		Release|x64 = Release|x64
		Release|x86 = Release|x86
	EndGlobalSection
	GlobalSection(ProjectConfigurationPlatforms) = postSolution
		{EEC3692B-710B-4EB4-A456-91AA0EC3FF58}.Debug|x64.ActiveCfg = Debug|x64
		{EEC3692B-710B-4EB4-A456-91AA0EC3FF58}.Debug|x64.Build.0 = Debug|x64
		{EEC3692B-710B-4EB4-A456-91AA0EC3FF58}.Debug|x86.ActiveCfg = Debug|Win32
		{EEC3692B-710B-4EB4-A456-91AA0EC3FF58}.Debug|x86.Build.0 = Debug|Win32
		{EEC3692B-710B-4EB4-A456-91AA0EC3FF58}.Release|x64.ActiveCfg = Release|x64
		{EEC3692B-710B-4EB4-A456-91AA0EC3FF58}.Release|x64.Build.0 = Release|x64
		{EEC3692B-710B-4EB4-A456-91AA0EC3FF58}.Release|x86.ActiveCfg = Release|Win32
		{EEC3692B-710B-4EB4-A456-91AA0EC3FF58}.Release|x86.Build.0 = Release|Win32
	EndGlobalSection
	GlobalSection(SolutionProperties) = preSolution
		HideSolutionNode = FALSE
	EndGlobalSection
	GlobalSection(ExtensibilityGlobals) = postSolution
		SolutionGuid = {21CF1CA4-4261-4ABE-B60A-C7CC525ED751}
	EndGlobalSection
EndGlobal
